
Microsoft Visual Studio Solution File, Format Version 12.00
# Visual Studio 15
VisualStudioVersion = 15.0.27130.2024
MinimumVisualStudioVersion = 10.0.40219.1
Project("{FAE04EC0-301F-11D3-BF4B-00C04F79EFBC}") = "GameTest", "GameTest\GameTest.csproj", "{629C53D0-A6C6-4669-9417-97F9DFD0070B}"
EndProject
Global
	GlobalSection(SolutionConfigurationPlatforms) = preSolution
		Debug|Any CPU = Debug|Any CPU
		Release|Any CPU = Release|Any CPU
	EndGlobalSection
	GlobalSection(ProjectConfigurationPlatforms) = postSolution
		{629C53D0-A6C6-4669-9417-97F9DFD0070B}.Debug|Any CPU.ActiveCfg = Debug|Any CPU
		{629C53D0-A6C6-4669-9417-97F9DFD0070B}.Debug|Any CPU.Build.0 = Debug|Any CPU
		{629C53D0-A6C6-4669-9417-97F9DFD0070B}.Release|Any CPU.ActiveCfg = Release|Any CPU
		{629C53D0-A6C6-4669-9417-97F9DFD0070B}.Release|Any CPU.Build.0 = Release|Any CPU
	EndGlobalSection
	GlobalSection(SolutionProperties) = preSolution
		HideSolutionNode = FALSE
	EndGlobalSection
	GlobalSection(ExtensibilityGlobals) = postSolution
		SolutionGuid = {EB1BB61A-3D47-4E26-9B20-783148627046}
	EndGlobalSection
EndGlobal
